
Microsoft Visual Studio Solution File, Format Version 12.00
# Visual Studio Version 17
VisualStudioVersion = 17.9.34728.123
MinimumVisualStudioVersion = 10.0.40219.1
Project("{9A19103F-16F7-4668-BE54-9A1E7A4F7556}") = "TrainDisplay", "TrainDisplay\TrainDisplay.csproj", "{815DA47A-4D95-4717-98A7-C000C53D9DD3}"
EndProject
Project("{9A19103F-16F7-4668-BE54-9A1E7A4F7556}") = "FPSCamera", "..\FPSCamera-Continued\FPSCamera\FPSCamera.csproj", "{C4CC0B2D-7243-4AF8-A4F3-50098CC18967}"
EndProject
Project("{D954291E-2A0B-460D-934E-DC6B0785DB48}") = "AlgernonCommonsShared", "AlgernonCommons\AlgernonCommonsShared.shproj", "{25AEF446-6F0D-43A8-BB84-D1306789B68C}"
EndProject
Project("{FAE04EC0-301F-11D3-BF4B-00C04F79EFBC}") = "FPSCamera.API", "..\FPSCamera-Continued\FPSCamera.API\FPSCamera.API.csproj", "{92F27C26-188D-4CEB-9CA1-82872A545995}"
EndProject
Global
	GlobalSection(SolutionConfigurationPlatforms) = preSolution
		Debug|Any CPU = Debug|Any CPU
		Release|Any CPU = Release|Any CPU
	EndGlobalSection
	GlobalSection(ProjectConfigurationPlatforms) = postSolution
		{815DA47A-4D95-4717-98A7-C000C53D9DD3}.Debug|Any CPU.ActiveCfg = Debug|Any CPU
		{815DA47A-4D95-4717-98A7-C000C53D9DD3}.Debug|Any CPU.Build.0 = Debug|Any CPU
		{815DA47A-4D95-4717-98A7-C000C53D9DD3}.Release|Any CPU.ActiveCfg = Release|Any CPU
		{815DA47A-4D95-4717-98A7-C000C53D9DD3}.Release|Any CPU.Build.0 = Release|Any CPU
		{C4CC0B2D-7243-4AF8-A4F3-50098CC18967}.Debug|Any CPU.ActiveCfg = Debug|Any CPU
		{C4CC0B2D-7243-4AF8-A4F3-50098CC18967}.Debug|Any CPU.Build.0 = Debug|Any CPU
		{C4CC0B2D-7243-4AF8-A4F3-50098CC18967}.Release|Any CPU.ActiveCfg = Release|Any CPU
		{C4CC0B2D-7243-4AF8-A4F3-50098CC18967}.Release|Any CPU.Build.0 = Release|Any CPU
		{92F27C26-188D-4CEB-9CA1-82872A545995}.Debug|Any CPU.ActiveCfg = Debug|Any CPU
		{92F27C26-188D-4CEB-9CA1-82872A545995}.Debug|Any CPU.Build.0 = Debug|Any CPU
		{92F27C26-188D-4CEB-9CA1-82872A545995}.Release|Any CPU.ActiveCfg = Release|Any CPU
		{92F27C26-188D-4CEB-9CA1-82872A545995}.Release|Any CPU.Build.0 = Release|Any CPU
	EndGlobalSection
	GlobalSection(SolutionProperties) = preSolution
		HideSolutionNode = FALSE
	EndGlobalSection
	GlobalSection(ExtensibilityGlobals) = postSolution
		SolutionGuid = {1746E6FD-4444-4E3F-93C3-7CDAE44C12DB}
	EndGlobalSection
	GlobalSection(SharedMSBuildProjectFiles) = preSolution
		AlgernonCommons\AlgernonCommonsShared.projitems*{25aef446-6f0d-43a8-bb84-d1306789b68c}*SharedItemsImports = 13
		AlgernonCommons\AlgernonCommonsShared.projitems*{815da47a-4d95-4717-98a7-c000c53d9dd3}*SharedItemsImports = 5
		..\FPSCamera-Continued\AlgernonCommons\AlgernonCommonsPatchingShared.projitems*{c4cc0b2d-7243-4af8-a4f3-50098cc18967}*SharedItemsImports = 5
	EndGlobalSection
EndGlobal
