
Microsoft Visual Studio Solution File, Format Version 12.00
# Visual Studio Version 16
VisualStudioVersion = 16.0.30907.101
MinimumVisualStudioVersion = 10.0.40219.1
Project("{FAE04EC0-301F-11D3-BF4B-00C04F79EFBC}") = "TrainDisplay", "TrainDisplay\TrainDisplay.csproj", "{815DA47A-4D95-4717-98A7-C000C53D9DD3}"
EndProject
Global
	GlobalSection(SolutionConfigurationPlatforms) = preSolution
		Debug|Any CPU = Debug|Any CPU
		Release|Any CPU = Release|Any CPU
	EndGlobalSection
	GlobalSection(ProjectConfigurationPlatforms) = postSolution
		{815DA47A-4D95-4717-98A7-C000C53D9DD3}.Debug|Any CPU.ActiveCfg = Debug|Any CPU
		{815DA47A-4D95-4717-98A7-C000C53D9DD3}.Debug|Any CPU.Build.0 = Debug|Any CPU
		{815DA47A-4D95-4717-98A7-C000C53D9DD3}.Release|Any CPU.ActiveCfg = Release|Any CPU
		{815DA47A-4D95-4717-98A7-C000C53D9DD3}.Release|Any CPU.Build.0 = Release|Any CPU
	EndGlobalSection
	GlobalSection(SolutionProperties) = preSolution
		HideSolutionNode = FALSE
	EndGlobalSection
	GlobalSection(ExtensibilityGlobals) = postSolution
		SolutionGuid = {1746E6FD-4444-4E3F-93C3-7CDAE44C12DB}
	EndGlobalSection
EndGlobal
